
Microsoft Visual Studio Solution File, Format Version 12.00
# Visual Studio Version 17
VisualStudioVersion = 17.7.34202.233
MinimumVisualStudioVersion = 10.0.40219.1
Project("{9A19103F-16F7-4668-BE54-9A1E7A4F7556}") = "WebApi", "WebApi\WebApi.csproj", "{47C11DBE-27BE-483B-998B-C0A3520E40F4}"
EndProject
Project("{FAE04EC0-301F-11D3-BF4B-00C04F79EFBC}") = "Entities", "Entities\Entities.csproj", "{4882C6B4-BA36-4562-915C-73FE369F7BB6}"
EndProject
Global
	GlobalSection(SolutionConfigurationPlatforms) = preSolution
		Debug|Any CPU = Debug|Any CPU
		Release|Any CPU = Release|Any CPU
	EndGlobalSection
	GlobalSection(ProjectConfigurationPlatforms) = postSolution
		{47C11DBE-27BE-483B-998B-C0A3520E40F4}.Debug|Any CPU.ActiveCfg = Debug|Any CPU
		{47C11DBE-27BE-483B-998B-C0A3520E40F4}.Debug|Any CPU.Build.0 = Debug|Any CPU
		{47C11DBE-27BE-483B-998B-C0A3520E40F4}.Release|Any CPU.ActiveCfg = Release|Any CPU
		{47C11DBE-27BE-483B-998B-C0A3520E40F4}.Release|Any CPU.Build.0 = Release|Any CPU
		{4882C6B4-BA36-4562-915C-73FE369F7BB6}.Debug|Any CPU.ActiveCfg = Debug|Any CPU
		{4882C6B4-BA36-4562-915C-73FE369F7BB6}.Debug|Any CPU.Build.0 = Debug|Any CPU
		{4882C6B4-BA36-4562-915C-73FE369F7BB6}.Release|Any CPU.ActiveCfg = Release|Any CPU
		{4882C6B4-BA36-4562-915C-73FE369F7BB6}.Release|Any CPU.Build.0 = Release|Any CPU
	EndGlobalSection
	GlobalSection(SolutionProperties) = preSolution
		HideSolutionNode = FALSE
	EndGlobalSection
	GlobalSection(ExtensibilityGlobals) = postSolution
		SolutionGuid = {8FBEB165-96D6-45E8-B5F2-812467389C8E}
	EndGlobalSection
EndGlobal
